
Microsoft Visual Studio Solution File, Format Version 12.00
# Visual Studio Version 17
VisualStudioVersion = 17.7.34031.279
MinimumVisualStudioVersion = 10.0.40219.1
Project("{FAE04EC0-301F-11D3-BF4B-00C04F79EFBC}") = "CSProjeDemo2", "CSProjeDemo2\CSProjeDemo2.csproj", "{84EFF8BC-3E1C-41E8-806B-86B09B4E3FB4}"
EndProject
Project("{2150E333-8FDC-42A3-9474-1A3956D46DE8}") = "UI", "UI", "{8E04D7DD-7A14-424B-BBA3-1D15203B5E48}"
EndProject
Project("{FAE04EC0-301F-11D3-BF4B-00C04F79EFBC}") = "WCA_MaasBordroProgrami.UI", "WCA_MaasBordroProgrami.UI\WCA_MaasBordroProgrami.UI.csproj", "{C8B095D0-B9CB-42D2-BBEC-8A07B04FC076}"
EndProject
Global
	GlobalSection(SolutionConfigurationPlatforms) = preSolution
		Debug|Any CPU = Debug|Any CPU
		Release|Any CPU = Release|Any CPU
	EndGlobalSection
	GlobalSection(ProjectConfigurationPlatforms) = postSolution
		{84EFF8BC-3E1C-41E8-806B-86B09B4E3FB4}.Debug|Any CPU.ActiveCfg = Debug|Any CPU
		{84EFF8BC-3E1C-41E8-806B-86B09B4E3FB4}.Debug|Any CPU.Build.0 = Debug|Any CPU
		{84EFF8BC-3E1C-41E8-806B-86B09B4E3FB4}.Release|Any CPU.ActiveCfg = Release|Any CPU
		{84EFF8BC-3E1C-41E8-806B-86B09B4E3FB4}.Release|Any CPU.Build.0 = Release|Any CPU
		{C8B095D0-B9CB-42D2-BBEC-8A07B04FC076}.Debug|Any CPU.ActiveCfg = Debug|Any CPU
		{C8B095D0-B9CB-42D2-BBEC-8A07B04FC076}.Debug|Any CPU.Build.0 = Debug|Any CPU
		{C8B095D0-B9CB-42D2-BBEC-8A07B04FC076}.Release|Any CPU.ActiveCfg = Release|Any CPU
		{C8B095D0-B9CB-42D2-BBEC-8A07B04FC076}.Release|Any CPU.Build.0 = Release|Any CPU
	EndGlobalSection
	GlobalSection(SolutionProperties) = preSolution
		HideSolutionNode = FALSE
	EndGlobalSection
	GlobalSection(NestedProjects) = preSolution
		{C8B095D0-B9CB-42D2-BBEC-8A07B04FC076} = {8E04D7DD-7A14-424B-BBA3-1D15203B5E48}
	EndGlobalSection
	GlobalSection(ExtensibilityGlobals) = postSolution
		SolutionGuid = {FEF61DCD-67C7-4935-8EF4-8741EBDABF52}
	EndGlobalSection
EndGlobal
